
Microsoft Visual Studio Solution File, Format Version 12.00
# Visual Studio 15
VisualStudioVersion = 15.0.28010.2016
MinimumVisualStudioVersion = 10.0.40219.1
Project("{FAE04EC0-301F-11D3-BF4B-00C04F79EFBC}") = "RMS_Integration", "RMS_Integration\RMS_Integration.csproj", "{3AAEB0AB-EB5D-4374-96D2-CBDF1AA71653}"
EndProject
Project("{C7167F0D-BC9F-4E6E-AFE1-012C56B48DB5}") = "RMS_Application_Package", "RMS_Application_Package\RMS_Application_Package.wapproj", "{F8B39D47-CF21-4329-B53F-F0242FB9DAB1}"
EndProject
Project("{888888A0-9F3D-457C-B088-3A5042F75D52}") = "Deep_Neural_Network", "Deep_Neural_Network\Deep_Neural_Network.pyproj", "{4522545D-6FF5-4A89-A7F9-436E4C7B40D6}"
EndProject
Global
	GlobalSection(SolutionConfigurationPlatforms) = preSolution
		Debug|Any CPU = Debug|Any CPU
		Debug|x64 = Debug|x64
		Debug|x86 = Debug|x86
		Release|Any CPU = Release|Any CPU
		Release|x64 = Release|x64
		Release|x86 = Release|x86
	EndGlobalSection
	GlobalSection(ProjectConfigurationPlatforms) = postSolution
		{3AAEB0AB-EB5D-4374-96D2-CBDF1AA71653}.Debug|Any CPU.ActiveCfg = Debug|Any CPU
		{3AAEB0AB-EB5D-4374-96D2-CBDF1AA71653}.Debug|Any CPU.Build.0 = Debug|Any CPU
		{3AAEB0AB-EB5D-4374-96D2-CBDF1AA71653}.Debug|x64.ActiveCfg = Debug|Any CPU
		{3AAEB0AB-EB5D-4374-96D2-CBDF1AA71653}.Debug|x64.Build.0 = Debug|Any CPU
		{3AAEB0AB-EB5D-4374-96D2-CBDF1AA71653}.Debug|x86.ActiveCfg = Debug|Any CPU
		{3AAEB0AB-EB5D-4374-96D2-CBDF1AA71653}.Debug|x86.Build.0 = Debug|Any CPU
		{3AAEB0AB-EB5D-4374-96D2-CBDF1AA71653}.Release|Any CPU.ActiveCfg = Release|Any CPU
		{3AAEB0AB-EB5D-4374-96D2-CBDF1AA71653}.Release|Any CPU.Build.0 = Release|Any CPU
		{3AAEB0AB-EB5D-4374-96D2-CBDF1AA71653}.Release|x64.ActiveCfg = Release|Any CPU
		{3AAEB0AB-EB5D-4374-96D2-CBDF1AA71653}.Release|x64.Build.0 = Release|Any CPU
		{3AAEB0AB-EB5D-4374-96D2-CBDF1AA71653}.Release|x86.ActiveCfg = Release|Any CPU
		{3AAEB0AB-EB5D-4374-96D2-CBDF1AA71653}.Release|x86.Build.0 = Release|Any CPU
		{F8B39D47-CF21-4329-B53F-F0242FB9DAB1}.Debug|Any CPU.ActiveCfg = Debug|Any CPU
		{F8B39D47-CF21-4329-B53F-F0242FB9DAB1}.Debug|Any CPU.Build.0 = Debug|Any CPU
		{F8B39D47-CF21-4329-B53F-F0242FB9DAB1}.Debug|Any CPU.Deploy.0 = Debug|Any CPU
		{F8B39D47-CF21-4329-B53F-F0242FB9DAB1}.Debug|x64.ActiveCfg = Debug|x64
		{F8B39D47-CF21-4329-B53F-F0242FB9DAB1}.Debug|x64.Build.0 = Debug|x64
		{F8B39D47-CF21-4329-B53F-F0242FB9DAB1}.Debug|x64.Deploy.0 = Debug|x64
		{F8B39D47-CF21-4329-B53F-F0242FB9DAB1}.Debug|x86.ActiveCfg = Debug|x86
		{F8B39D47-CF21-4329-B53F-F0242FB9DAB1}.Debug|x86.Build.0 = Debug|x86
		{F8B39D47-CF21-4329-B53F-F0242FB9DAB1}.Debug|x86.Deploy.0 = Debug|x86
		{F8B39D47-CF21-4329-B53F-F0242FB9DAB1}.Release|Any CPU.ActiveCfg = Release|Any CPU
		{F8B39D47-CF21-4329-B53F-F0242FB9DAB1}.Release|Any CPU.Build.0 = Release|Any CPU
		{F8B39D47-CF21-4329-B53F-F0242FB9DAB1}.Release|Any CPU.Deploy.0 = Release|Any CPU
		{F8B39D47-CF21-4329-B53F-F0242FB9DAB1}.Release|x64.ActiveCfg = Release|x64
		{F8B39D47-CF21-4329-B53F-F0242FB9DAB1}.Release|x64.Build.0 = Release|x64
		{F8B39D47-CF21-4329-B53F-F0242FB9DAB1}.Release|x64.Deploy.0 = Release|x64
		{F8B39D47-CF21-4329-B53F-F0242FB9DAB1}.Release|x86.ActiveCfg = Release|x86
		{F8B39D47-CF21-4329-B53F-F0242FB9DAB1}.Release|x86.Build.0 = Release|x86
		{F8B39D47-CF21-4329-B53F-F0242FB9DAB1}.Release|x86.Deploy.0 = Release|x86
		{4522545D-6FF5-4A89-A7F9-436E4C7B40D6}.Debug|Any CPU.ActiveCfg = Debug|Any CPU
		{4522545D-6FF5-4A89-A7F9-436E4C7B40D6}.Debug|x64.ActiveCfg = Debug|Any CPU
		{4522545D-6FF5-4A89-A7F9-436E4C7B40D6}.Debug|x86.ActiveCfg = Debug|Any CPU
		{4522545D-6FF5-4A89-A7F9-436E4C7B40D6}.Release|Any CPU.ActiveCfg = Release|Any CPU
		{4522545D-6FF5-4A89-A7F9-436E4C7B40D6}.Release|x64.ActiveCfg = Release|Any CPU
		{4522545D-6FF5-4A89-A7F9-436E4C7B40D6}.Release|x86.ActiveCfg = Release|Any CPU
	EndGlobalSection
	GlobalSection(SolutionProperties) = preSolution
		HideSolutionNode = FALSE
	EndGlobalSection
	GlobalSection(ExtensibilityGlobals) = postSolution
		SolutionGuid = {FD748A1C-CA5E-4BEB-9E33-3E0C67CC03ED}
	EndGlobalSection
EndGlobal
